
Microsoft Visual Studio Solution File, Format Version 11.00
# Visual Studio 2010
Project("{FAE04EC0-301F-11D3-BF4B-00C04F79EFBC}") = "Pulsar", "Pulsar\Pulsar.csproj", "{0CAF341F-7ACB-461E-9848-4454B447FAE7}"
EndProject
Project("{2150E333-8FDC-42A3-9474-1A3956D46DE8}") = "Tests", "Tests", "{D1D802D5-9219-4E6A-B5F9-7B15A7EFB943}"
EndProject
Project("{FAE04EC0-301F-11D3-BF4B-00C04F79EFBC}") = "Pulsar.Test", "Pulsar.Test\Pulsar.Test.csproj", "{5119E0B0-9B2F-4900-A919-9F1B6293E689}"
EndProject
Project("{2150E333-8FDC-42A3-9474-1A3956D46DE8}") = "Tools", "Tools", "{39BB3DDA-AA46-4DEB-A10A-427C18938EC6}"
EndProject
Project("{FAE04EC0-301F-11D3-BF4B-00C04F79EFBC}") = "Pulsar.Pak", "Pulsar.Pak\Pulsar.Pak.csproj", "{9EBF6B85-E221-4EC2-B53B-8D6C47F8ED6F}"
EndProject
Global
	GlobalSection(SolutionConfigurationPlatforms) = preSolution
		Debug|Any CPU = Debug|Any CPU
		Release|Any CPU = Release|Any CPU
	EndGlobalSection
	GlobalSection(ProjectConfigurationPlatforms) = postSolution
		{0CAF341F-7ACB-461E-9848-4454B447FAE7}.Debug|Any CPU.ActiveCfg = Debug|Any CPU
		{0CAF341F-7ACB-461E-9848-4454B447FAE7}.Debug|Any CPU.Build.0 = Debug|Any CPU
		{0CAF341F-7ACB-461E-9848-4454B447FAE7}.Release|Any CPU.ActiveCfg = Release|Any CPU
		{0CAF341F-7ACB-461E-9848-4454B447FAE7}.Release|Any CPU.Build.0 = Release|Any CPU
		{5119E0B0-9B2F-4900-A919-9F1B6293E689}.Debug|Any CPU.ActiveCfg = Debug|Any CPU
		{5119E0B0-9B2F-4900-A919-9F1B6293E689}.Debug|Any CPU.Build.0 = Debug|Any CPU
		{5119E0B0-9B2F-4900-A919-9F1B6293E689}.Release|Any CPU.ActiveCfg = Release|Any CPU
		{5119E0B0-9B2F-4900-A919-9F1B6293E689}.Release|Any CPU.Build.0 = Release|Any CPU
		{9EBF6B85-E221-4EC2-B53B-8D6C47F8ED6F}.Debug|Any CPU.ActiveCfg = Debug|Any CPU
		{9EBF6B85-E221-4EC2-B53B-8D6C47F8ED6F}.Debug|Any CPU.Build.0 = Debug|Any CPU
		{9EBF6B85-E221-4EC2-B53B-8D6C47F8ED6F}.Release|Any CPU.ActiveCfg = Release|Any CPU
		{9EBF6B85-E221-4EC2-B53B-8D6C47F8ED6F}.Release|Any CPU.Build.0 = Release|Any CPU
	EndGlobalSection
	GlobalSection(NestedProjects) = preSolution
		{5119E0B0-9B2F-4900-A919-9F1B6293E689} = {D1D802D5-9219-4E6A-B5F9-7B15A7EFB943}
		{9EBF6B85-E221-4EC2-B53B-8D6C47F8ED6F} = {39BB3DDA-AA46-4DEB-A10A-427C18938EC6}
	EndGlobalSection
	GlobalSection(MonoDevelopProperties) = preSolution
		StartupItem = Pulsar\Pulsar.csproj
	EndGlobalSection
EndGlobal
